// !$*UTF8*$!
{
	archiveVersion = 1;
	classes = {
	};
	objectVersion = 50;
	objects = {

/* Begin PBXBuildFile section */
		71A6E70B24E4E27E00DD3245 /* AppDelegate.m in Sources */ = {isa = PBXBuildFile; fileRef = 71A6E70A24E4E27E00DD3245 /* AppDelegate.m */; };
		71A6E70E24E4E27E00DD3245 /* SceneDelegate.m in Sources */ = {isa = PBXBuildFile; fileRef = 71A6E70D24E4E27E00DD3245 /* SceneDelegate.m */; };
		71A6E71124E4E27E00DD3245 /* ViewController.m in Sources */ = {isa = PBXBuildFile; fileRef = 71A6E71024E4E27E00DD3245 /* ViewController.m */; };
		71A6E71424E4E27E00DD3245 /* Main.storyboard in Resources */ = {isa = PBXBuildFile; fileRef = 71A6E71224E4E27E00DD3245 /* Main.storyboard */; };
		71A6E71624E4E28100DD3245 /* Assets.xcassets in Resources */ = {isa = PBXBuildFile; fileRef = 71A6E71524E4E28100DD3245 /* Assets.xcassets */; };
		71A6E71924E4E28100DD3245 /* LaunchScreen.storyboard in Resources */ = {isa = PBXBuildFile; fileRef = 71A6E71724E4E28100DD3245 /* LaunchScreen.storyboard */; };
		71A6E71C24E4E28100DD3245 /* main.m in Sources */ = {isa = PBXBuildFile; fileRef = 71A6E71B24E4E28100DD3245 /* main.m */; };
/* End PBXBuildFile section */

/* Begin PBXFileReference section */
		71A6E70624E4E27E00DD3245 /* LevelStructTableView.app */ = {isa = PBXFileReference; explicitFileType = wrapper.application; includeInIndex = 0; path = LevelStructTableView.app; sourceTree = BUILT_PRODUCTS_DIR; };
		71A6E70924E4E27E00DD3245 /* AppDelegate.h */ = {isa = PBXFileReference; lastKnownFileType = sourcecode.c.h; path = AppDelegate.h; sourceTree = "<group>"; };
		71A6E70A24E4E27E00DD3245 /* AppDelegate.m */ = {isa = PBXFileReference; lastKnownFileType = sourcecode.c.objc; path = AppDelegate.m; sourceTree = "<group>"; };
		71A6E70C24E4E27E00DD3245 /* SceneDelegate.h */ = {isa = PBXFileReference; lastKnownFileType = sourcecode.c.h; path = SceneDelegate.h; sourceTree = "<group>"; };
		71A6E70D24E4E27E00DD3245 /* SceneDelegate.m */ = {isa = PBXFileReference; lastKnownFileType = sourcecode.c.objc; path = SceneDelegate.m; sourceTree = "<group>"; };
		71A6E70F24E4E27E00DD3245 /* ViewController.h */ = {isa = PBXFileReference; lastKnownFileType = sourcecode.c.h; path = ViewController.h; sourceTree = "<group>"; };
		71A6E71024E4E27E00DD3245 /* ViewController.m */ = {isa = PBXFileReference; lastKnownFileType = sourcecode.c.objc; path = ViewController.m; sourceTree = "<group>"; };
		71A6E71324E4E27E00DD3245 /* Base */ = {isa = PBXFileReference; lastKnownFileType = file.storyboard; name = Base; path = Base.lproj/Main.storyboard; sourceTree = "<group>"; };
		71A6E71524E4E28100DD3245 /* Assets.xcassets */ = {isa = PBXFileReference; lastKnownFileType = folder.assetcatalog; path = Assets.xcassets; sourceTree = "<group>"; };
		71A6E71824E4E28100DD3245 /* Base */ = {isa = PBXFileReference; lastKnownFileType = file.storyboard; name = Base; path = Base.lproj/LaunchScreen.storyboard; sourceTree = "<group>"; };
		71A6E71A24E4E28100DD3245 /* Info.plist */ = {isa = PBXFileReference; lastKnownFileType = text.plist.xml; path = Info.plist; sourceTree = "<group>"; };
		71A6E71B24E4E28100DD3245 /* main.m */ = {isa = PBXFileReference; lastKnownFileType = sourcecode.c.objc; path = main.m; sourceTree = "<group>"; };
/* End PBXFileReference section */

/* Begin PBXFrameworksBuildPhase section */
		71A6E70324E4E27E00DD3245 /* Frameworks */ = {
			isa = PBXFrameworksBuildPhase;
			buildActionMask = 2147483647;
			files = (
			);
			runOnlyForDeploymentPostprocessing = 0;
		};
/* End PBXFrameworksBuildPhase section */

/* Begin PBXGroup section */
		71A6E6FD24E4E27E00DD3245 = {
			isa = PBXGroup;
			children = (
				71A6E70824E4E27E00DD3245 /* LevelStructTableView */,
				71A6E70724E4E27E00DD3245 /* Products */,
			);
			sourceTree = "<group>";
		};
		71A6E70724E4E27E00DD3245 /* Products */ = {
			isa = PBXGroup;
			children = (
				71A6E70624E4E27E00DD3245 /* LevelStructTableView.app */,
			);
			name = Products;
			sourceTree = "<group>";
		};
		71A6E70824E4E27E00DD3245 /* LevelStructTableView */ = {
			isa = PBXGroup;
			children = (
				71A6E70924E4E27E00DD3245 /* AppDelegate.h */,
				71A6E70A24E4E27E00DD3245 /* AppDelegate.m */,
				71A6E70C24E4E27E00DD3245 /* SceneDelegate.h */,
				71A6E70D24E4E27E00DD3245 /* SceneDelegate.m */,
				71A6E70F24E4E27E00DD3245 /* ViewController.h */,
				71A6E71024E4E27E00DD3245 /* ViewController.m */,
				71A6E71224E4E27E00DD3245 /* Main.storyboard */,
				71A6E71524E4E28100DD3245 /* Assets.xcassets */,
				71A6E71724E4E28100DD3245 /* LaunchScreen.storyboard */,
				71A6E71A24E4E28100DD3245 /* Info.plist */,
				71A6E71B24E4E28100DD3245 /* main.m */,
			);
			path = LevelStructTableView;
			sourceTree = "<group>";
		};
/* End PBXGroup section */

/* Begin PBXNativeTarget section */
		71A6E70524E4E27E00DD3245 /* LevelStructTableView */ = {
			isa = PBXNativeTarget;
			buildConfigurationList = 71A6E71F24E4E28100DD3245 /* Build configuration list for PBXNativeTarget "LevelStructTableView" */;
			buildPhases = (
				71A6E70224E4E27E00DD3245 /* Sources */,
				71A6E70324E4E27E00DD3245 /* Frameworks */,
				71A6E70424E4E27E00DD3245 /* Resources */,
			);
			buildRules = (
			);
			dependencies = (
			);
			name = LevelStructTableView;
			productName = LevelStructTableView;
			productReference = 71A6E70624E4E27E00DD3245 /* LevelStructTableView.app */;
			productType = "com.apple.product-type.application";
		};
/* End PBXNativeTarget section */

/* Begin PBXProject section */
		71A6E6FE24E4E27E00DD3245 /* Project object */ = {
			isa = PBXProject;
			attributes = {
				LastUpgradeCheck = 1160;
				ORGANIZATIONNAME = "Shuai Zhu";
				TargetAttributes = {
					71A6E70524E4E27E00DD3245 = {
						CreatedOnToolsVersion = 11.6;
					};
				};
			};
			buildConfigurationList = 71A6E70124E4E27E00DD3245 /* Build configuration list for PBXProject "LevelStructTableView" */;
			compatibilityVersion = "Xcode 9.3";
			developmentRegion = en;
			hasScannedForEncodings = 0;
			knownRegions = (
				en,
				Base,
			);
			mainGroup = 71A6E6FD24E4E27E00DD3245;
			productRefGroup = 71A6E70724E4E27E00DD3245 /* Products */;
			projectDirPath = "";
			projectRoot = "";
			targets = (
				71A6E70524E4E27E00DD3245 /* LevelStructTableView */,
			);
		};
/* End PBXProject section */

/* Begin PBXResourcesBuildPhase section */
		71A6E70424E4E27E00DD3245 /* Resources */ = {
			isa = PBXResourcesBuildPhase;
			buildActionMask = 2147483647;
			files = (
				71A6E71924E4E28100DD3245 /* LaunchScreen.storyboard in Resources */,
				71A6E71624E4E28100DD3245 /* Assets.xcassets in Resources */,
				71A6E71424E4E27E00DD3245 /* Main.storyboard in Resources */,
			);
			runOnlyForDeploymentPostprocessing = 0;
		};
/* End PBXResourcesBuildPhase section */

/* Begin PBXSourcesBuildPhase section */
		71A6E70224E4E27E00DD3245 /* Sources */ = {
			isa = PBXSourcesBuildPhase;
			buildActionMask = 2147483647;
			files = (
				71A6E71124E4E27E00DD3245 /* ViewController.m in Sources */,
				71A6E70B24E4E27E00DD3245 /* AppDelegate.m in Sources */,
				71A6E71C24E4E28100DD3245 /* main.m in Sources */,
				71A6E70E24E4E27E00DD3245 /* SceneDelegate.m in Sources */,
			);
			runOnlyForDeploymentPostprocessing = 0;
		};
/* End PBXSourcesBuildPhase section */

/* Begin PBXVariantGroup section */
		71A6E71224E4E27E00DD3245 /* Main.storyboard */ = {
			isa = PBXVariantGroup;
			children = (
				71A6E71324E4E27E00DD3245 /* Base */,
			);
			name = Main.storyboard;
			sourceTree = "<group>";
		};
		71A6E71724E4E28100DD3245 /* LaunchScreen.storyboard */ = {
			isa = PBXVariantGroup;
			children = (
				71A6E71824E4E28100DD3245 /* Base */,
			);
			name = LaunchScreen.storyboard;
			sourceTree = "<group>";
		};
/* End PBXVariantGroup section */

/* Begin XCBuildConfiguration section */
		71A6E71D24E4E28100DD3245 /* Debug */ = {
			isa = XCBuildConfiguration;
			buildSettings = {
				ALWAYS_SEARCH_USER_PATHS = NO;
				CLANG_ANALYZER_NONNULL = YES;
				CLANG_ANALYZER_NUMBER_OBJECT_CONVERSION = YES_AGGRESSIVE;
				CLANG_CXX_LANGUAGE_STANDARD = "gnu++14";
				CLANG_CXX_LIBRARY = "libc++";
				CLANG_ENABLE_MODULES = YES;
				CLANG_ENABLE_OBJC_ARC = YES;
				CLANG_ENABLE_OBJC_WEAK = YES;
				CLANG_WARN_BLOCK_CAPTURE_AUTORELEASING = YES;
				CLANG_WARN_BOOL_CONVERSION = YES;
				CLANG_WARN_COMMA = YES;
				CLANG_WARN_CONSTANT_CONVERSION = YES;
				CLANG_WARN_DEPRECATED_OBJC_IMPLEMENTATIONS = YES;
				CLANG_WARN_DIRECT_OBJC_ISA_USAGE = YES_ERROR;
				CLANG_WARN_DOCUMENTATION_COMMENTS = YES;
				CLANG_WARN_EMPTY_BODY = YES;
				CLANG_WARN_ENUM_CONVERSION = YES;
				CLANG_WARN_INFINITE_RECURSION = YES;
				CLANG_WARN_INT_CONVERSION = YES;
				CLANG_WARN_NON_LITERAL_NULL_CONVERSION = YES;
				CLANG_WARN_OBJC_IMPLICIT_RETAIN_SELF = YES;
				CLANG_WARN_OBJC_LITERAL_CONVERSION = YES;
				CLANG_WARN_OBJC_ROOT_CLASS = YES_ERROR;
				CLANG_WARN_RANGE_LOOP_ANALYSIS = YES;
				CLANG_WARN_STRICT_PROTOTYPES = YES;
				CLANG_WARN_SUSPICIOUS_MOVE = YES;
				CLANG_WARN_UNGUARDED_AVAILABILITY = YES_AGGRESSIVE;
				CLANG_WARN_UNREACHABLE_CODE = YES;
				CLANG_WARN__DUPLICATE_METHOD_MATCH = YES;
				COPY_PHASE_STRIP = NO;
				DEBUG_INFORMATION_FORMAT = dwarf;
				ENABLE_STRICT_OBJC_MSGSEND = YES;
				ENABLE_TESTABILITY = YES;
				GCC_C_LANGUAGE_STANDARD = gnu11;
				GCC_DYNAMIC_NO_PIC = NO;
				GCC_NO_COMMON_BLOCKS = YES;
				GCC_OPTIMIZATION_LEVEL = 0;
				GCC_PREPROCESSOR_DEFINITIONS = (
					"DEBUG=1",
					"$(inherited)",
				);
				GCC_WARN_64_TO_32_BIT_CONVERSION = YES;
				GCC_WARN_ABOUT_RETURN_TYPE = YES_ERROR;
				GCC_WARN_UNDECLARED_SELECTOR = YES;
				GCC_WARN_UNINITIALIZED_AUTOS = YES_AGGRESSIVE;
				GCC_WARN_UNUSED_FUNCTION = YES;
				GCC_WARN_UNUSED_VARIABLE = YES;
				IPHONEOS_DEPLOYMENT_TARGET = 13.6;
				MTL_ENABLE_DEBUG_INFO = INCLUDE_SOURCE;
				MTL_FAST_MATH = YES;
				ONLY_ACTIVE_ARCH = YES;
				SDKROOT = iphoneos;
			};
			name = Debug;
		};
		71A6E71E24E4E28100DD3245 /* Release */ = {
			isa = XCBuildConfiguration;
			buildSettings = {
				ALWAYS_SEARCH_USER_PATHS = NO;
				CLANG_ANALYZER_NONNULL = YES;
				CLANG_ANALYZER_NUMBER_OBJECT_CONVERSION = YES_AGGRESSIVE;
				CLANG_CXX_LANGUAGE_STANDARD = "gnu++14";
				CLANG_CXX_LIBRARY = "libc++";
				CLANG_ENABLE_MODULES = YES;
				CLANG_ENABLE_OBJC_ARC = YES;
				CLANG_ENABLE_OBJC_WEAK = YES;
				CLANG_WARN_BLOCK_CAPTURE_AUTORELEASING = YES;
				CLANG_WARN_BOOL_CONVERSION = YES;
				CLANG_WARN_COMMA = YES;
				CLANG_WARN_CONSTANT_CONVERSION = YES;
				CLANG_WARN_DEPRECATED_OBJC_IMPLEMENTATIONS = YES;
				CLANG_WARN_DIRECT_OBJC_ISA_USAGE = YES_ERROR;
				CLANG_WARN_DOCUMENTATION_COMMENTS = YES;
				CLANG_WARN_EMPTY_BODY = YES;
				CLANG_WARN_ENUM_CONVERSION = YES;
				CLANG_WARN_INFINITE_RECURSION = YES;
				CLANG_WARN_INT_CONVERSION = YES;
				CLANG_WARN_NON_LITERAL_NULL_CONVERSION = YES;
				CLANG_WARN_OBJC_IMPLICIT_RETAIN_SELF = YES;
				CLANG_WARN_OBJC_LITERAL_CONVERSION = YES;
				CLANG_WARN_OBJC_ROOT_CLASS = YES_ERROR;
				CLANG_WARN_RANGE_LOOP_ANALYSIS = YES;
				CLANG_WARN_STRICT_PROTOTYPES = YES;
				CLANG_WARN_SUSPICIOUS_MOVE = YES;
				CLANG_WARN_UNGUARDED_AVAILABILITY = YES_AGGRESSIVE;
				CLANG_WARN_UNREACHABLE_CODE = YES;
				CLANG_WARN__DUPLICATE_METHOD_MATCH = YES;
				COPY_PHASE_STRIP = NO;
				DEBUG_INFORMATION_FORMAT = "dwarf-with-dsym";
				ENABLE_NS_ASSERTIONS = NO;
				ENABLE_STRICT_OBJC_MSGSEND = YES;
				GCC_C_LANGUAGE_STANDARD = gnu11;
				GCC_NO_COMMON_BLOCKS = YES;
				GCC_WARN_64_TO_32_BIT_CONVERSION = YES;
				GCC_WARN_ABOUT_RETURN_TYPE = YES_ERROR;
				GCC_WARN_UNDECLARED_SELECTOR = YES;
				GCC_WARN_UNINITIALIZED_AUTOS = YES_AGGRESSIVE;
				GCC_WARN_UNUSED_FUNCTION = YES;
				GCC_WARN_UNUSED_VARIABLE = YES;
				IPHONEOS_DEPLOYMENT_TARGET = 13.6;
				MTL_ENABLE_DEBUG_INFO = NO;
				MTL_FAST_MATH = YES;
				SDKROOT = iphoneos;
				VALIDATE_PRODUCT = YES;
			};
			name = Release;
		};
		71A6E72024E4E28100DD3245 /* Debug */ = {
			isa = XCBuildConfiguration;
			buildSettings = {
				ASSETCATALOG_COMPILER_APPICON_NAME = AppIcon;
				CODE_SIGN_STYLE = Automatic;
				DEVELOPMENT_TEAM = 53K5G7FVCD;
				INFOPLIST_FILE = LevelStructTableView/Info.plist;
				LD_RUNPATH_SEARCH_PATHS = (
					"$(inherited)",
					"@executable_path/Frameworks",
				);
				PRODUCT_BUNDLE_IDENTIFIER = com.scottZZZ.LevelStructTableView;
				PRODUCT_NAME = "$(TARGET_NAME)";
				TARGETED_DEVICE_FAMILY = "1,2";
			};
			name = Debug;
		};
		71A6E72124E4E28100DD3245 /* Release */ = {
			isa = XCBuildConfiguration;
			buildSettings = {
				ASSETCATALOG_COMPILER_APPICON_NAME = AppIcon;
				CODE_SIGN_STYLE = Automatic;
				DEVELOPMENT_TEAM = 53K5G7FVCD;
				INFOPLIST_FILE = LevelStructTableView/Info.plist;
				LD_RUNPATH_SEARCH_PATHS = (
					"$(inherited)",
					"@executable_path/Frameworks",
				);
				PRODUCT_BUNDLE_IDENTIFIER = com.scottZZZ.LevelStructTableView;
				PRODUCT_NAME = "$(TARGET_NAME)";
				TARGETED_DEVICE_FAMILY = "1,2";
			};
			name = Release;
		};
/* End XCBuildConfiguration section */

/* Begin XCConfigurationList section */
		71A6E70124E4E27E00DD3245 /* Build configuration list for PBXProject "LevelStructTableView" */ = {
			isa = XCConfigurationList;
			buildConfigurations = (
				71A6E71D24E4E28100DD3245 /* Debug */,
				71A6E71E24E4E28100DD3245 /* Release */,
			);
			defaultConfigurationIsVisible = 0;
			defaultConfigurationName = Release;
		};
		71A6E71F24E4E28100DD3245 /* Build configuration list for PBXNativeTarget "LevelStructTableView" */ = {
			isa = XCConfigurationList;
			buildConfigurations = (
				71A6E72024E4E28100DD3245 /* Debug */,
				71A6E72124E4E28100DD3245 /* Release */,
			);
			defaultConfigurationIsVisible = 0;
			defaultConfigurationName = Release;
		};
/* End XCConfigurationList section */
	};
	rootObject = 71A6E6FE24E4E27E00DD3245 /* Project object */;
}
